
Microsoft Visual Studio Solution File, Format Version 12.00
# Visual Studio Version 17
VisualStudioVersion = 17.5.33516.290
MinimumVisualStudioVersion = 10.0.40219.1
Project("{FAE04EC0-301F-11D3-BF4B-00C04F79EFBC}") = "employwage", "employwage\employwage.csproj", "{6B19B642-36BC-4511-812B-ED84A33CA3AE}"
EndProject
Global
	GlobalSection(SolutionConfigurationPlatforms) = preSolution
		Debug|Any CPU = Debug|Any CPU
		Release|Any CPU = Release|Any CPU
	EndGlobalSection
	GlobalSection(ProjectConfigurationPlatforms) = postSolution
		{6B19B642-36BC-4511-812B-ED84A33CA3AE}.Debug|Any CPU.ActiveCfg = Debug|Any CPU
		{6B19B642-36BC-4511-812B-ED84A33CA3AE}.Debug|Any CPU.Build.0 = Debug|Any CPU
		{6B19B642-36BC-4511-812B-ED84A33CA3AE}.Release|Any CPU.ActiveCfg = Release|Any CPU
		{6B19B642-36BC-4511-812B-ED84A33CA3AE}.Release|Any CPU.Build.0 = Release|Any CPU
	EndGlobalSection
	GlobalSection(SolutionProperties) = preSolution
		HideSolutionNode = FALSE
	EndGlobalSection
	GlobalSection(ExtensibilityGlobals) = postSolution
		SolutionGuid = {C31687EF-D039-45FC-8DBD-4DEA870FD10C}
	EndGlobalSection
EndGlobal
